<?xml version="1.0" encoding="utf-8"?>
<Project ToolsVersion="4.0" xmlns="http://schemas.microsoft.com/developer/msbuild/2003">
  <ItemGroup>
    <Filter Include="Source files">
      <UniqueIdentifier>{b4ee79f2-bb70-4e21-b4a1-c4480d31e099}</UniqueIdentifier>
      <Extensions>cpp;c;cc;cxx;def;odl;idl;hpj;bat;asm;asmx</Extensions>
    </Filter>
    <Filter Include="Header files">
      <UniqueIdentifier>{340dde63-aa06-4ddd-b34f-6fc9561bcb30}</UniqueIdentifier>
      <Extensions>h;hpp;hxx;hm;inl;inc;xsd</Extensions>
    </Filter>
    <Filter Include="Resource files">
      <UniqueIdentifier>{304f299c-77f9-41a9-a360-dcfc66f3da41}</UniqueIdentifier>
      <Extensions>rc;ico;cur;bmp;dlg;rc2;rct;bin;rgs;gif;jpg;jpeg;jpe;resx;tiff;tif;png;wav</Extensions>
    </Filter>
    <Filter Include="Source files\CORE">
      <UniqueIdentifier>{a52f5ff0-f574-4ed8-9177-64070173da71}</UniqueIdentifier>
    </Filter>
    <Filter Include="Source files\Startup">
      <UniqueIdentifier>{586eec05-1336-4fbe-b398-7b7807474f63}</UniqueIdentifier>
    </Filter>
    <Filter Include="Source files\STM32Cube HAL">
      <UniqueIdentifier>{ef7b7363-d52f-45dc-b89a-e11cb5e88de6}</UniqueIdentifier>
    </Filter>
    <Filter Include="Source files\STM32Cube HAL\COMMON">
      <UniqueIdentifier>{98b9758e-a0a4-40db-a7fe-b4d27332b2b9}</UniqueIdentifier>
    </Filter>
    <Filter Include="Source files\STM32Cube HAL\EXTI">
      <UniqueIdentifier>{fcff4c9a-8ebc-4fcd-ba4f-fd24d94379ae}</UniqueIdentifier>
    </Filter>
    <Filter Include="Source files\STM32Cube HAL\HCD">
      <UniqueIdentifier>{22a476c8-951a-4d69-be20-b8f1c923c76b}</UniqueIdentifier>
    </Filter>
    <Filter Include="Source files\STM32Cube HAL\PWR">
      <UniqueIdentifier>{6a563bf8-1fe7-4802-8b0d-8379029a6fa4}</UniqueIdentifier>
    </Filter>
    <Filter Include="Source files\STM32Cube HAL\I2S">
      <UniqueIdentifier>{53d1b780-40cc-4693-bfe1-b1586dc201cd}</UniqueIdentifier>
    </Filter>
    <Filter Include="Source files\STM32Cube HAL\FLASH">
      <UniqueIdentifier>{d5c343f1-94d2-40da-83f6-de1175bf896a}</UniqueIdentifier>
    </Filter>
    <Filter Include="Source files\STM32Cube HAL\SPI">
      <UniqueIdentifier>{3db96516-33d6-472c-866f-f6fe67979f41}</UniqueIdentifier>
    </Filter>
    <Filter Include="Source files\STM32Cube HAL\GPIO">
      <UniqueIdentifier>{173f9453-562c-4ce0-a5f5-bab19dad0a00}</UniqueIdentifier>
    </Filter>
    <Filter Include="Source files\STM32Cube HAL\FREERTOS">
      <UniqueIdentifier>{78837134-dad6-44b1-9aa5-28a9b8d8372e}</UniqueIdentifier>
    </Filter>
    <Filter Include="Source files\STM32Cube HAL\RCC">
      <UniqueIdentifier>{9f1458de-a3a2-4209-a142-9e733b5cd299}</UniqueIdentifier>
    </Filter>
    <Filter Include="Source files\STM32Cube HAL\CORTEX">
      <UniqueIdentifier>{b025f721-16ee-45f7-98b1-ba3aab30a5a1}</UniqueIdentifier>
    </Filter>
    <Filter Include="Source files\STM32Cube HAL\DMA">
      <UniqueIdentifier>{d42f342f-90af-43c1-84fb-644aa6dd08b7}</UniqueIdentifier>
    </Filter>
    <Filter Include="Source files\STM32Cube HAL\TIM">
      <UniqueIdentifier>{148bd6aa-e2dd-4f23-93e4-6ae3e9ca4f2b}</UniqueIdentifier>
    </Filter>
    <Filter Include="Source files\STM32Cube HAL\I2C">
      <UniqueIdentifier>{cc1b989e-6d94-43a3-b6cb-dc8fe9378165}</UniqueIdentifier>
    </Filter>
    <Filter Include="Source files\Device-specific files">
      <UniqueIdentifier>{17397939-c6b7-482c-9901-afd38a90a17b}</UniqueIdentifier>
    </Filter>
    <Filter Include="Header files\CORE">
      <UniqueIdentifier>{7d835a1d-8c89-498c-ab0d-c449a8029b4a}</UniqueIdentifier>
    </Filter>
    <Filter Include="Header files\Startup">
      <UniqueIdentifier>{7f6e63db-e495-4557-92d0-c25f6090cd87}</UniqueIdentifier>
    </Filter>
    <Filter Include="Header files\STM32Cube HAL">
      <UniqueIdentifier>{91afb516-841c-4904-b207-199a592d854a}</UniqueIdentifier>
    </Filter>
    <Filter Include="Header files\STM32Cube HAL\COMMON">
      <UniqueIdentifier>{324e5bac-bcec-43fa-a75d-e7cd4324f4ec}</UniqueIdentifier>
    </Filter>
    <Filter Include="Header files\STM32Cube HAL\EXTI">
      <UniqueIdentifier>{678bff6c-3edf-4c85-bcad-aafa044afe89}</UniqueIdentifier>
    </Filter>
    <Filter Include="Header files\STM32Cube HAL\HCD">
      <UniqueIdentifier>{2bfed1c7-68e8-434b-ac39-ba2a67995916}</UniqueIdentifier>
    </Filter>
    <Filter Include="Header files\STM32Cube HAL\PWR">
      <UniqueIdentifier>{e4e45bc5-d612-4f23-8af3-31be61e8d652}</UniqueIdentifier>
    </Filter>
    <Filter Include="Header files\STM32Cube HAL\I2S">
      <UniqueIdentifier>{f83c9622-d89f-45c0-a368-8f66984e6f9c}</UniqueIdentifier>
    </Filter>
    <Filter Include="Header files\STM32Cube HAL\FLASH">
      <UniqueIdentifier>{14beae0f-aeea-4a1d-8d8b-573e63ac3ffc}</UniqueIdentifier>
    </Filter>
    <Filter Include="Header files\STM32Cube HAL\SPI">
      <UniqueIdentifier>{1f8f7cf7-c45d-4368-972b-eb9cc503d0d0}</UniqueIdentifier>
    </Filter>
    <Filter Include="Header files\STM32Cube HAL\GPIO">
      <UniqueIdentifier>{053aef8b-4f14-44cc-8a32-91876e2c8218}</UniqueIdentifier>
    </Filter>
    <Filter Include="Header files\STM32Cube HAL\FREERTOS">
      <UniqueIdentifier>{1cb66b8a-e041-4555-af30-4cc934f6a1ba}</UniqueIdentifier>
    </Filter>
    <Filter Include="Header files\STM32Cube HAL\RCC">
      <UniqueIdentifier>{1b415857-32b9-4294-9227-3c3734384525}</UniqueIdentifier>
    </Filter>
    <Filter Include="Header files\STM32Cube HAL\CORTEX">
      <UniqueIdentifier>{e38929ce-7f70-4e76-85cb-47685a623099}</UniqueIdentifier>
    </Filter>
    <Filter Include="Header files\STM32Cube HAL\DMA">
      <UniqueIdentifier>{34904a5e-38c1-40f6-89a0-69ebe58a0a67}</UniqueIdentifier>
    </Filter>
    <Filter Include="Header files\STM32Cube HAL\TIM">
      <UniqueIdentifier>{083f4765-74fc-4c4f-9e0d-2b6c95dc9cd6}</UniqueIdentifier>
    </Filter>
    <Filter Include="Header files\STM32Cube HAL\I2C">
      <UniqueIdentifier>{d614d5c8-c289-4a20-a4ab-e0429d0def29}</UniqueIdentifier>
    </Filter>
    <Filter Include="Header files\Device-specific files">
      <UniqueIdentifier>{4ddf261b-79ec-48dd-872b-a6475198ac7e}</UniqueIdentifier>
    </Filter>
    <Filter Include="VisualGDB settings">
      <UniqueIdentifier>{307b7df1-be54-49ea-81ec-e8288e7fa78e}</UniqueIdentifier>
    </Filter>
  </ItemGroup>
  <ItemGroup>
    <ClCompile Include="Src\freertos.c">
      <Filter>Source files</Filter>
    </ClCompile>
    <ClCompile Include="Src\stm32f4xx_it.c">
      <Filter>Source files</Filter>
    </ClCompile>
    <ClCompile Include="Src\stm32f4xx_hal_msp.c">
      <Filter>Source files</Filter>
    </ClCompile>
    <ClCompile Include="Src\main.c">
      <Filter>Source files</Filter>
    </ClCompile>
    <ClCompile Include="Drivers\CMSIS\Device\ST\STM32F4xx\Source\Templates\system_stm32f4xx.c">
      <Filter>Source files\Startup</Filter>
    </ClCompile>
    <ClCompile Include="Drivers\STM32F4xx_HAL_Driver\Src\stm32f4xx_hal.c">
      <Filter>Source files\STM32Cube HAL\COMMON</Filter>
    </ClCompile>
    <ClCompile Include="Drivers\STM32F4xx_HAL_Driver\Src\stm32f4xx_hal_exti.c">
      <Filter>Source files\STM32Cube HAL\EXTI</Filter>
    </ClCompile>
    <ClCompile Include="Drivers\STM32F4xx_HAL_Driver\Src\stm32f4xx_hal_hcd.c">
      <Filter>Source files\STM32Cube HAL\HCD</Filter>
    </ClCompile>
    <ClCompile Include="Drivers\STM32F4xx_HAL_Driver\Src\stm32f4xx_ll_usb.c">
      <Filter>Source files\STM32Cube HAL\HCD</Filter>
    </ClCompile>
    <ClCompile Include="Drivers\STM32F4xx_HAL_Driver\Src\stm32f4xx_hal_pwr.c">
      <Filter>Source files\STM32Cube HAL\PWR</Filter>
    </ClCompile>
    <ClCompile Include="Drivers\STM32F4xx_HAL_Driver\Src\stm32f4xx_hal_pwr_ex.c">
      <Filter>Source files\STM32Cube HAL\PWR</Filter>
    </ClCompile>
    <ClCompile Include="Drivers\STM32F4xx_HAL_Driver\Src\stm32f4xx_hal_i2s.c">
      <Filter>Source files\STM32Cube HAL\I2S</Filter>
    </ClCompile>
    <ClCompile Include="Drivers\STM32F4xx_HAL_Driver\Src\stm32f4xx_hal_i2s_ex.c">
      <Filter>Source files\STM32Cube HAL\I2S</Filter>
    </ClCompile>
    <ClCompile Include="Drivers\STM32F4xx_HAL_Driver\Src\stm32f4xx_hal_flash.c">
      <Filter>Source files\STM32Cube HAL\FLASH</Filter>
    </ClCompile>
    <ClCompile Include="Drivers\STM32F4xx_HAL_Driver\Src\stm32f4xx_hal_flash_ex.c">
      <Filter>Source files\STM32Cube HAL\FLASH</Filter>
    </ClCompile>
    <ClCompile Include="Drivers\STM32F4xx_HAL_Driver\Src\stm32f4xx_hal_flash_ramfunc.c">
      <Filter>Source files\STM32Cube HAL\FLASH</Filter>
    </ClCompile>
    <ClCompile Include="Drivers\STM32F4xx_HAL_Driver\Src\stm32f4xx_hal_spi.c">
      <Filter>Source files\STM32Cube HAL\SPI</Filter>
    </ClCompile>
    <ClCompile Include="Drivers\STM32F4xx_HAL_Driver\Src\stm32f4xx_hal_gpio.c">
      <Filter>Source files\STM32Cube HAL\GPIO</Filter>
    </ClCompile>
    <ClCompile Include="Middlewares\Third_Party\FreeRTOS\Source\croutine.c">
      <Filter>Source files\STM32Cube HAL\FREERTOS</Filter>
    </ClCompile>
    <ClCompile Include="Middlewares\Third_Party\FreeRTOS\Source\event_groups.c">
      <Filter>Source files\STM32Cube HAL\FREERTOS</Filter>
    </ClCompile>
    <ClCompile Include="Middlewares\Third_Party\FreeRTOS\Source\list.c">
      <Filter>Source files\STM32Cube HAL\FREERTOS</Filter>
    </ClCompile>
    <ClCompile Include="Middlewares\Third_Party\FreeRTOS\Source\queue.c">
      <Filter>Source files\STM32Cube HAL\FREERTOS</Filter>
    </ClCompile>
    <ClCompile Include="Middlewares\Third_Party\FreeRTOS\Source\stream_buffer.c">
      <Filter>Source files\STM32Cube HAL\FREERTOS</Filter>
    </ClCompile>
    <ClCompile Include="Middlewares\Third_Party\FreeRTOS\Source\tasks.c">
      <Filter>Source files\STM32Cube HAL\FREERTOS</Filter>
    </ClCompile>
    <ClCompile Include="Middlewares\Third_Party\FreeRTOS\Source\timers.c">
      <Filter>Source files\STM32Cube HAL\FREERTOS</Filter>
    </ClCompile>
    <ClCompile Include="Middlewares\Third_Party\FreeRTOS\Source\portable\MemMang\heap_4.c">
      <Filter>Source files\STM32Cube HAL\FREERTOS</Filter>
    </ClCompile>
    <ClCompile Include="Middlewares\Third_Party\FreeRTOS\Source\portable\GCC\ARM_CM4F\port.c">
      <Filter>Source files\STM32Cube HAL\FREERTOS</Filter>
    </ClCompile>
    <ClCompile Include="Middlewares\Third_Party\FreeRTOS\Source\CMSIS_RTOS\cmsis_os.c">
      <Filter>Source files\STM32Cube HAL\FREERTOS</Filter>
    </ClCompile>
    <ClCompile Include="Drivers\STM32F4xx_HAL_Driver\Src\stm32f4xx_hal_rcc.c">
      <Filter>Source files\STM32Cube HAL\RCC</Filter>
    </ClCompile>
    <ClCompile Include="Drivers\STM32F4xx_HAL_Driver\Src\stm32f4xx_hal_rcc_ex.c">
      <Filter>Source files\STM32Cube HAL\RCC</Filter>
    </ClCompile>
    <ClCompile Include="Drivers\STM32F4xx_HAL_Driver\Src\stm32f4xx_hal_cortex.c">
      <Filter>Source files\STM32Cube HAL\CORTEX</Filter>
    </ClCompile>
    <ClCompile Include="Drivers\STM32F4xx_HAL_Driver\Src\stm32f4xx_hal_dma_ex.c">
      <Filter>Source files\STM32Cube HAL\DMA</Filter>
    </ClCompile>
    <ClCompile Include="Drivers\STM32F4xx_HAL_Driver\Src\stm32f4xx_hal_dma.c">
      <Filter>Source files\STM32Cube HAL\DMA</Filter>
    </ClCompile>
    <ClCompile Include="Drivers\STM32F4xx_HAL_Driver\Src\stm32f4xx_hal_tim.c">
      <Filter>Source files\STM32Cube HAL\TIM</Filter>
    </ClCompile>
    <ClCompile Include="Drivers\STM32F4xx_HAL_Driver\Src\stm32f4xx_hal_tim_ex.c">
      <Filter>Source files\STM32Cube HAL\TIM</Filter>
    </ClCompile>
    <ClCompile Include="Drivers\STM32F4xx_HAL_Driver\Src\stm32f4xx_hal_i2c.c">
      <Filter>Source files\STM32Cube HAL\I2C</Filter>
    </ClCompile>
    <ClCompile Include="Drivers\STM32F4xx_HAL_Driver\Src\stm32f4xx_hal_i2c_ex.c">
      <Filter>Source files\STM32Cube HAL\I2C</Filter>
    </ClCompile>
    <None Include="stm32.props">
      <Filter>Source files\Device-specific files</Filter>
    </None>
    <ClCompile Include="$(BSP_ROOT)\STM32F4xxxx\StartupFiles\startup_stm32f407xx.c">
      <Filter>Source files\Device-specific files</Filter>
    </ClCompile>
    <ClInclude Include="Inc\FreeRTOSConfig.h">
      <Filter>Header files</Filter>
    </ClInclude>
    <ClInclude Include="Inc\stm32f4xx_it.h">
      <Filter>Header files</Filter>
    </ClInclude>
    <ClInclude Include="Inc\stm32f4xx_hal_conf.h">
      <Filter>Header files</Filter>
    </ClInclude>
    <ClInclude Include="Inc\main.h">
      <Filter>Header files</Filter>
    </ClInclude>
    <ClInclude Include="Drivers\CMSIS\Include\core_cm4.h">
      <Filter>Header files\CORE</Filter>
    </ClInclude>
    <ClInclude Include="Drivers\CMSIS\Device\ST\STM32F4xx\Include\stm32f4xx.h">
      <Filter>Header files\Startup</Filter>
    </ClInclude>
    <ClInclude Include="Drivers\CMSIS\Device\ST\STM32F4xx\Include\system_stm32f4xx.h">
      <Filter>Header files\Startup</Filter>
    </ClInclude>
    <ClInclude Include="Drivers\STM32F4xx_HAL_Driver\Inc\stm32f4xx_hal.h">
      <Filter>Header files\STM32Cube HAL\COMMON</Filter>
    </ClInclude>
    <ClInclude Include="Drivers\STM32F4xx_HAL_Driver\Inc\Legacy\stm32_hal_legacy.h">
      <Filter>Header files\STM32Cube HAL\COMMON</Filter>
    </ClInclude>
    <ClInclude Include="Drivers\STM32F4xx_HAL_Driver\Inc\stm32f4xx_hal_def.h">
      <Filter>Header files\STM32Cube HAL\COMMON</Filter>
    </ClInclude>
    <ClInclude Include="Drivers\STM32F4xx_HAL_Driver\Inc\stm32f4xx_hal_exti.h">
      <Filter>Header files\STM32Cube HAL\EXTI</Filter>
    </ClInclude>
    <ClInclude Include="Drivers\STM32F4xx_HAL_Driver\Inc\stm32f4xx_hal_hcd.h">
      <Filter>Header files\STM32Cube HAL\HCD</Filter>
    </ClInclude>
    <ClInclude Include="Drivers\STM32F4xx_HAL_Driver\Inc\stm32f4xx_ll_usb.h">
      <Filter>Header files\STM32Cube HAL\HCD</Filter>
    </ClInclude>
    <ClInclude Include="Drivers\STM32F4xx_HAL_Driver\Inc\stm32f4xx_hal_pwr.h">
      <Filter>Header files\STM32Cube HAL\PWR</Filter>
    </ClInclude>
    <ClInclude Include="Drivers\STM32F4xx_HAL_Driver\Inc\stm32f4xx_hal_pwr_ex.h">
      <Filter>Header files\STM32Cube HAL\PWR</Filter>
    </ClInclude>
    <ClInclude Include="Drivers\STM32F4xx_HAL_Driver\Inc\stm32f4xx_hal_i2s.h">
      <Filter>Header files\STM32Cube HAL\I2S</Filter>
    </ClInclude>
    <ClInclude Include="Drivers\STM32F4xx_HAL_Driver\Inc\stm32f4xx_hal_i2s_ex.h">
      <Filter>Header files\STM32Cube HAL\I2S</Filter>
    </ClInclude>
    <ClInclude Include="Drivers\STM32F4xx_HAL_Driver\Inc\stm32f4xx_hal_flash.h">
      <Filter>Header files\STM32Cube HAL\FLASH</Filter>
    </ClInclude>
    <ClInclude Include="Drivers\STM32F4xx_HAL_Driver\Inc\stm32f4xx_hal_flash_ex.h">
      <Filter>Header files\STM32Cube HAL\FLASH</Filter>
    </ClInclude>
    <ClInclude Include="Drivers\STM32F4xx_HAL_Driver\Inc\stm32f4xx_hal_flash_ramfunc.h">
      <Filter>Header files\STM32Cube HAL\FLASH</Filter>
    </ClInclude>
    <ClInclude Include="Drivers\STM32F4xx_HAL_Driver\Inc\stm32f4xx_hal_spi.h">
      <Filter>Header files\STM32Cube HAL\SPI</Filter>
    </ClInclude>
    <ClInclude Include="Drivers\STM32F4xx_HAL_Driver\Inc\stm32f4xx_hal_gpio.h">
      <Filter>Header files\STM32Cube HAL\GPIO</Filter>
    </ClInclude>
    <ClInclude Include="Drivers\STM32F4xx_HAL_Driver\Inc\stm32f4xx_hal_gpio_ex.h">
      <Filter>Header files\STM32Cube HAL\GPIO</Filter>
    </ClInclude>
    <ClInclude Include="Middlewares\Third_Party\FreeRTOS\Source\include\croutine.h">
      <Filter>Header files\STM32Cube HAL\FREERTOS</Filter>
    </ClInclude>
    <ClInclude Include="Middlewares\Third_Party\FreeRTOS\Source\include\deprecated_definitions.h">
      <Filter>Header files\STM32Cube HAL\FREERTOS</Filter>
    </ClInclude>
    <ClInclude Include="Middlewares\Third_Party\FreeRTOS\Source\include\event_groups.h">
      <Filter>Header files\STM32Cube HAL\FREERTOS</Filter>
    </ClInclude>
    <ClInclude Include="Middlewares\Third_Party\FreeRTOS\Source\include\FreeRTOS.h">
      <Filter>Header files\STM32Cube HAL\FREERTOS</Filter>
    </ClInclude>
    <ClInclude Include="Middlewares\Third_Party\FreeRTOS\Source\include\list.h">
      <Filter>Header files\STM32Cube HAL\FREERTOS</Filter>
    </ClInclude>
    <ClInclude Include="Middlewares\Third_Party\FreeRTOS\Source\include\message_buffer.h">
      <Filter>Header files\STM32Cube HAL\FREERTOS</Filter>
    </ClInclude>
    <ClInclude Include="Middlewares\Third_Party\FreeRTOS\Source\include\mpu_prototypes.h">
      <Filter>Header files\STM32Cube HAL\FREERTOS</Filter>
    </ClInclude>
    <ClInclude Include="Middlewares\Third_Party\FreeRTOS\Source\include\mpu_wrappers.h">
      <Filter>Header files\STM32Cube HAL\FREERTOS</Filter>
    </ClInclude>
    <ClInclude Include="Middlewares\Third_Party\FreeRTOS\Source\include\portable.h">
      <Filter>Header files\STM32Cube HAL\FREERTOS</Filter>
    </ClInclude>
    <ClInclude Include="Middlewares\Third_Party\FreeRTOS\Source\include\projdefs.h">
      <Filter>Header files\STM32Cube HAL\FREERTOS</Filter>
    </ClInclude>
    <ClInclude Include="Middlewares\Third_Party\FreeRTOS\Source\include\queue.h">
      <Filter>Header files\STM32Cube HAL\FREERTOS</Filter>
    </ClInclude>
    <ClInclude Include="Middlewares\Third_Party\FreeRTOS\Source\include\semphr.h">
      <Filter>Header files\STM32Cube HAL\FREERTOS</Filter>
    </ClInclude>
    <ClInclude Include="Middlewares\Third_Party\FreeRTOS\Source\include\stack_macros.h">
      <Filter>Header files\STM32Cube HAL\FREERTOS</Filter>
    </ClInclude>
    <ClInclude Include="Middlewares\Third_Party\FreeRTOS\Source\include\StackMacros.h">
      <Filter>Header files\STM32Cube HAL\FREERTOS</Filter>
    </ClInclude>
    <ClInclude Include="Middlewares\Third_Party\FreeRTOS\Source\include\stream_buffer.h">
      <Filter>Header files\STM32Cube HAL\FREERTOS</Filter>
    </ClInclude>
    <ClInclude Include="Middlewares\Third_Party\FreeRTOS\Source\include\task.h">
      <Filter>Header files\STM32Cube HAL\FREERTOS</Filter>
    </ClInclude>
    <ClInclude Include="Middlewares\Third_Party\FreeRTOS\Source\include\timers.h">
      <Filter>Header files\STM32Cube HAL\FREERTOS</Filter>
    </ClInclude>
    <ClInclude Include="Drivers\STM32F4xx_HAL_Driver\Inc\stm32f4xx_hal_rcc.h">
      <Filter>Header files\STM32Cube HAL\RCC</Filter>
    </ClInclude>
    <ClInclude Include="Drivers\STM32F4xx_HAL_Driver\Inc\stm32f4xx_hal_rcc_ex.h">
      <Filter>Header files\STM32Cube HAL\RCC</Filter>
    </ClInclude>
    <ClInclude Include="Drivers\STM32F4xx_HAL_Driver\Inc\stm32f4xx_hal_cortex.h">
      <Filter>Header files\STM32Cube HAL\CORTEX</Filter>
    </ClInclude>
    <ClInclude Include="Drivers\STM32F4xx_HAL_Driver\Inc\stm32f4xx_hal_dma_ex.h">
      <Filter>Header files\STM32Cube HAL\DMA</Filter>
    </ClInclude>
    <ClInclude Include="Drivers\STM32F4xx_HAL_Driver\Inc\stm32f4xx_hal_dma.h">
      <Filter>Header files\STM32Cube HAL\DMA</Filter>
    </ClInclude>
    <ClInclude Include="Drivers\STM32F4xx_HAL_Driver\Inc\stm32f4xx_hal_tim.h">
      <Filter>Header files\STM32Cube HAL\TIM</Filter>
    </ClInclude>
    <ClInclude Include="Drivers\STM32F4xx_HAL_Driver\Inc\stm32f4xx_hal_tim_ex.h">
      <Filter>Header files\STM32Cube HAL\TIM</Filter>
    </ClInclude>
    <ClInclude Include="Drivers\STM32F4xx_HAL_Driver\Inc\stm32f4xx_hal_i2c.h">
      <Filter>Header files\STM32Cube HAL\I2C</Filter>
    </ClInclude>
    <ClInclude Include="Drivers\STM32F4xx_HAL_Driver\Inc\stm32f4xx_hal_i2c_ex.h">
      <Filter>Header files\STM32Cube HAL\I2C</Filter>
    </ClInclude>
    <None Include="TempSensor-Debug.vgdbsettings">
      <Filter>VisualGDB settings</Filter>
    </None>
    <None Include="TempSensor-Release.vgdbsettings">
      <Filter>VisualGDB settings</Filter>
    </None>
    <None Include="stm32.xml">
      <Filter>VisualGDB settings</Filter>
    </None>
    <ClCompile Include="Src\lcd_hd44780_i2c.c">
      <Filter>Source files</Filter>
    </ClCompile>
    <ClCompile Include="Src\MY_DHT22.c">
      <Filter>Source files</Filter>
    </ClCompile>
    <ClCompile Include="Src\stm32f4xx_hal_timebase_tim.c">
      <Filter>Source files</Filter>
    </ClCompile>
    <ClCompile Include="Display.c">
      <Filter>Source files</Filter>
    </ClCompile>
    <ClCompile Include="Sensor.c">
      <Filter>Source files</Filter>
    </ClCompile>
  </ItemGroup>
  <ItemGroup>
    <ClInclude Include="Inc\MY_DHT22.h">
      <Filter>Header files</Filter>
    </ClInclude>
    <ClInclude Include="Inc\lcd_hd44780_i2c.h">
      <Filter>Header files</Filter>
    </ClInclude>
    <ClInclude Include="Display.h">
      <Filter>Header files</Filter>
    </ClInclude>
    <ClInclude Include="Sensor.h">
      <Filter>Header files</Filter>
    </ClInclude>
  </ItemGroup>
</Project>